# This file was autogenerated by Stack.
# You should not edit this file by hand.
# For more information, please see the documentation at:
#   https://docs.haskellstack.org/en/stable/lock_files

packages:
- completed:
    cabal-file:
      size: 2106
      sha256: 2a6e83fd9ebf4ba5d9447c75601b1172861440f3f04acf6497954d936c664f10
    name: evdev
    version: 0.1.0.0
    git: /home/bram/program/os/evdev
    pantry-tree:
      size: 536
      sha256: 01b6981310c325f2b2dbbf13aef808afbca708e978e8020a94c62c3452c165a0
    commit: 9eaec342b707c15a816bdc785319c8c6692e1158
  original:
    git: /home/bram/program/os/evdev
    commit: 9eaec342b707c15a816bdc785319c8c6692e1158
snapshots:
- completed:
    size: 434661
    url: https://raw.githubusercontent.com/commercialhaskell/stackage-snapshots/master/nightly/2019/11/29.yaml
    sha256: 9edba401b588c0b8359262043b51f0bd33e2334802f0a1467eb660a23601eaf6
  original: nightly-2019-11-29
