# This file was autogenerated by Stack.
# You should not edit this file by hand.
# For more information, please see the documentation at:
#   https://docs.haskellstack.org/en/stable/lock_files

snapshots:
- original:
    url: https://raw.githubusercontent.com/commercialhaskell/stackage-snapshots/master/lts/17/5.yaml
  completed:
    sha256: 78e8ebabf11406261abbc95b44f240acf71802630b368888f6d758de7fc3a2f7
    url: https://raw.githubusercontent.com/commercialhaskell/stackage-snapshots/master/lts/17/5.yaml
    size: 565266
packages:
- original:
    hackage: evdev-2.1.0@sha256:4789773ca40953bb94afb3e79574c2a6fbb24f1ce2aae3a768cbabbb7e48c51b,1922
  completed:
    pantry-tree:
      sha256: 012627620fb5e7a223a861da59e179bea9a6ac244fbda132203d22e56238fa71
      size: 604
    hackage: evdev-2.1.0@sha256:4789773ca40953bb94afb3e79574c2a6fbb24f1ce2aae3a768cbabbb7e48c51b,1922
- original:
    hackage: filepath-bytestring-1.4.2.1.6@sha256:77e1c914b11da3c8b8df61e43a457339dd86dbc4c0ec86973ba178057bfe4fa2,2493
  completed:
    pantry-tree:
      sha256: 9e209bea77e690aee4e317c8708f1ccb16dae39bcbbd3927d858d4b6238b5bc0
      size: 821
    hackage: filepath-bytestring-1.4.2.1.6@sha256:77e1c914b11da3c8b8df61e43a457339dd86dbc4c0ec86973ba178057bfe4fa2,2493
